// !$*UTF8*$!
{
	archiveVersion = 1;
	classes = {
	};
	objectVersion = 77;
	objects = {

/* Begin PBXBuildFile section */
		2065625B2E40187000CE0806 /* FirebaseAuth in Frameworks */ = {isa = PBXBuildFile; productRef = 2065625A2E40187000CE0806 /* FirebaseAuth */; };
		2065625D2E40187000CE0806 /* FirebaseFirestore in Frameworks */ = {isa = PBXBuildFile; productRef = 2065625C2E40187000CE0806 /* FirebaseFirestore */; };
		2065625F2E40187000CE0806 /* FirebaseStorage in Frameworks */ = {isa = PBXBuildFile; productRef = 2065625E2E40187000CE0806 /* FirebaseStorage */; };
/* End PBXBuildFile section */

/* Begin PBXContainerItemProxy section */
		206562102E40137900CE0806 /* PBXContainerItemProxy */ = {
			isa = PBXContainerItemProxy;
			containerPortal = 206561FA2E40137700CE0806 /* Project object */;
			proxyType = 1;
			remoteGlobalIDString = 206562012E40137700CE0806;
			remoteInfo = "Gift Wave";
		};
		2065621A2E40137900CE0806 /* PBXContainerItemProxy */ = {
			isa = PBXContainerItemProxy;
			containerPortal = 206561FA2E40137700CE0806 /* Project object */;
			proxyType = 1;
			remoteGlobalIDString = 206562012E40137700CE0806;
			remoteInfo = "Gift Wave";
		};
/* End PBXContainerItemProxy section */

/* Begin PBXFileReference section */
		206562022E40137700CE0806 /* Gift Wave.app */ = {isa = PBXFileReference; explicitFileType = wrapper.application; includeInIndex = 0; path = "Gift Wave.app"; sourceTree = BUILT_PRODUCTS_DIR; };
		2065620F2E40137900CE0806 /* Gift WaveTests.xctest */ = {isa = PBXFileReference; explicitFileType = wrapper.cfbundle; includeInIndex = 0; path = "Gift WaveTests.xctest"; sourceTree = BUILT_PRODUCTS_DIR; };
		206562192E40137900CE0806 /* Gift WaveUITests.xctest */ = {isa = PBXFileReference; explicitFileType = wrapper.cfbundle; includeInIndex = 0; path = "Gift WaveUITests.xctest"; sourceTree = BUILT_PRODUCTS_DIR; };
/* End PBXFileReference section */

/* Begin PBXFileSystemSynchronizedRootGroup section */
		206562042E40137700CE0806 /* Gift Wave */ = {
			isa = PBXFileSystemSynchronizedRootGroup;
			path = "Gift Wave";
			sourceTree = "<group>";
		};
		206562122E40137900CE0806 /* Gift WaveTests */ = {
			isa = PBXFileSystemSynchronizedRootGroup;
			path = "Gift WaveTests";
			sourceTree = "<group>";
		};
		2065621C2E40137900CE0806 /* Gift WaveUITests */ = {
			isa = PBXFileSystemSynchronizedRootGroup;
			path = "Gift WaveUITests";
			sourceTree = "<group>";
		};
/* End PBXFileSystemSynchronizedRootGroup section */

/* Begin PBXFrameworksBuildPhase section */
		206561FF2E40137700CE0806 /* Frameworks */ = {
			isa = PBXFrameworksBuildPhase;
			buildActionMask = 2147483647;
			files = (
				2065625B2E40187000CE0806 /* FirebaseAuth in Frameworks */,
				2065625D2E40187000CE0806 /* FirebaseFirestore in Frameworks */,
				2065625F2E40187000CE0806 /* FirebaseStorage in Frameworks */,
			);
			runOnlyForDeploymentPostprocessing = 0;
		};
		2065620C2E40137900CE0806 /* Frameworks */ = {
			isa = PBXFrameworksBuildPhase;
			buildActionMask = 2147483647;
			files = (
			);
			runOnlyForDeploymentPostprocessing = 0;
		};
		206562162E40137900CE0806 /* Frameworks */ = {
			isa = PBXFrameworksBuildPhase;
			buildActionMask = 2147483647;
			files = (
			);
			runOnlyForDeploymentPostprocessing = 0;
		};
/* End PBXFrameworksBuildPhase section */

/* Begin PBXGroup section */
		206561F92E40137700CE0806 = {
			isa = PBXGroup;
			children = (
				206562042E40137700CE0806 /* Gift Wave */,
				206562122E40137900CE0806 /* Gift WaveTests */,
				2065621C2E40137900CE0806 /* Gift WaveUITests */,
				206562032E40137700CE0806 /* Products */,
			);
			sourceTree = "<group>";
		};
		206562032E40137700CE0806 /* Products */ = {
			isa = PBXGroup;
			children = (
				206562022E40137700CE0806 /* Gift Wave.app */,
				2065620F2E40137900CE0806 /* Gift WaveTests.xctest */,
				206562192E40137900CE0806 /* Gift WaveUITests.xctest */,
			);
			name = Products;
			sourceTree = "<group>";
		};
/* End PBXGroup section */

/* Begin PBXNativeTarget section */
		206562012E40137700CE0806 /* Gift Wave */ = {
			isa = PBXNativeTarget;
			buildConfigurationList = 206562232E40137900CE0806 /* Build configuration list for PBXNativeTarget "Gift Wave" */;
			buildPhases = (
				206561FE2E40137700CE0806 /* Sources */,
				206561FF2E40137700CE0806 /* Frameworks */,
				206562002E40137700CE0806 /* Resources */,
			);
			buildRules = (
			);
			dependencies = (
			);
			fileSystemSynchronizedGroups = (
				206562042E40137700CE0806 /* Gift Wave */,
			);
			name = "Gift Wave";
			packageProductDependencies = (
				2065625A2E40187000CE0806 /* FirebaseAuth */,
				2065625C2E40187000CE0806 /* FirebaseFirestore */,
				2065625E2E40187000CE0806 /* FirebaseStorage */,
			);
			productName = "Gift Wave";
			productReference = 206562022E40137700CE0806 /* Gift Wave.app */;
			productType = "com.apple.product-type.application";
		};
		2065620E2E40137900CE0806 /* Gift WaveTests */ = {
			isa = PBXNativeTarget;
			buildConfigurationList = 206562262E40137900CE0806 /* Build configuration list for PBXNativeTarget "Gift WaveTests" */;
			buildPhases = (
				2065620B2E40137900CE0806 /* Sources */,
				2065620C2E40137900CE0806 /* Frameworks */,
				2065620D2E40137900CE0806 /* Resources */,
			);
			buildRules = (
			);
			dependencies = (
				206562112E40137900CE0806 /* PBXTargetDependency */,
			);
			fileSystemSynchronizedGroups = (
				206562122E40137900CE0806 /* Gift WaveTests */,
			);
			name = "Gift WaveTests";
			packageProductDependencies = (
			);
			productName = "Gift WaveTests";
			productReference = 2065620F2E40137900CE0806 /* Gift WaveTests.xctest */;
			productType = "com.apple.product-type.bundle.unit-test";
		};
		206562182E40137900CE0806 /* Gift WaveUITests */ = {
			isa = PBXNativeTarget;
			buildConfigurationList = 206562292E40137900CE0806 /* Build configuration list for PBXNativeTarget "Gift WaveUITests" */;
			buildPhases = (
				206562152E40137900CE0806 /* Sources */,
				206562162E40137900CE0806 /* Frameworks */,
				206562172E40137900CE0806 /* Resources */,
			);
			buildRules = (
			);
			dependencies = (
				2065621B2E40137900CE0806 /* PBXTargetDependency */,
			);
			fileSystemSynchronizedGroups = (
				2065621C2E40137900CE0806 /* Gift WaveUITests */,
			);
			name = "Gift WaveUITests";
			packageProductDependencies = (
			);
			productName = "Gift WaveUITests";
			productReference = 206562192E40137900CE0806 /* Gift WaveUITests.xctest */;
			productType = "com.apple.product-type.bundle.ui-testing";
		};
/* End PBXNativeTarget section */

/* Begin PBXProject section */
		206561FA2E40137700CE0806 /* Project object */ = {
			isa = PBXProject;
			attributes = {
				BuildIndependentTargetsInParallel = 1;
				LastSwiftUpdateCheck = 1640;
				LastUpgradeCheck = 1640;
				TargetAttributes = {
					206562012E40137700CE0806 = {
						CreatedOnToolsVersion = 16.4;
					};
					2065620E2E40137900CE0806 = {
						CreatedOnToolsVersion = 16.4;
						TestTargetID = 206562012E40137700CE0806;
					};
					206562182E40137900CE0806 = {
						CreatedOnToolsVersion = 16.4;
						TestTargetID = 206562012E40137700CE0806;
					};
				};
			};
			buildConfigurationList = 206561FD2E40137700CE0806 /* Build configuration list for PBXProject "Gift Wave" */;
			developmentRegion = en;
			hasScannedForEncodings = 0;
			knownRegions = (
				en,
				Base,
			);
			mainGroup = 206561F92E40137700CE0806;
			minimizedProjectReferenceProxies = 1;
			packageReferences = (
				206562592E40187000CE0806 /* XCRemoteSwiftPackageReference "firebase-ios-sdk" */,
			);
			preferredProjectObjectVersion = 77;
			productRefGroup = 206562032E40137700CE0806 /* Products */;
			projectDirPath = "";
			projectRoot = "";
			targets = (
				206562012E40137700CE0806 /* Gift Wave */,
				2065620E2E40137900CE0806 /* Gift WaveTests */,
				206562182E40137900CE0806 /* Gift WaveUITests */,
			);
		};
/* End PBXProject section */

/* Begin PBXResourcesBuildPhase section */
		206562002E40137700CE0806 /* Resources */ = {
			isa = PBXResourcesBuildPhase;
			buildActionMask = 2147483647;
			files = (
			);
			runOnlyForDeploymentPostprocessing = 0;
		};
		2065620D2E40137900CE0806 /* Resources */ = {
			isa = PBXResourcesBuildPhase;
			buildActionMask = 2147483647;
			files = (
			);
			runOnlyForDeploymentPostprocessing = 0;
		};
		206562172E40137900CE0806 /* Resources */ = {
			isa = PBXResourcesBuildPhase;
			buildActionMask = 2147483647;
			files = (
			);
			runOnlyForDeploymentPostprocessing = 0;
		};
/* End PBXResourcesBuildPhase section */

/* Begin PBXSourcesBuildPhase section */
		206561FE2E40137700CE0806 /* Sources */ = {
			isa = PBXSourcesBuildPhase;
			buildActionMask = 2147483647;
			files = (
			);
			runOnlyForDeploymentPostprocessing = 0;
		};
		2065620B2E40137900CE0806 /* Sources */ = {
			isa = PBXSourcesBuildPhase;
			buildActionMask = 2147483647;
			files = (
			);
			runOnlyForDeploymentPostprocessing = 0;
		};
		206562152E40137900CE0806 /* Sources */ = {
			isa = PBXSourcesBuildPhase;
			buildActionMask = 2147483647;
			files = (
			);
			runOnlyForDeploymentPostprocessing = 0;
		};
/* End PBXSourcesBuildPhase section */

/* Begin PBXTargetDependency section */
		206562112E40137900CE0806 /* PBXTargetDependency */ = {
			isa = PBXTargetDependency;
			target = 206562012E40137700CE0806 /* Gift Wave */;
			targetProxy = 206562102E40137900CE0806 /* PBXContainerItemProxy */;
		};
		2065621B2E40137900CE0806 /* PBXTargetDependency */ = {
			isa = PBXTargetDependency;
			target = 206562012E40137700CE0806 /* Gift Wave */;
			targetProxy = 2065621A2E40137900CE0806 /* PBXContainerItemProxy */;
		};
/* End PBXTargetDependency section */

/* Begin XCBuildConfiguration section */
		206562212E40137900CE0806 /* Debug */ = {
			isa = XCBuildConfiguration;
			buildSettings = {
				ALWAYS_SEARCH_USER_PATHS = NO;
				ASSETCATALOG_COMPILER_GENERATE_SWIFT_ASSET_SYMBOL_EXTENSIONS = YES;
				CLANG_ANALYZER_NONNULL = YES;
				CLANG_ANALYZER_NUMBER_OBJECT_CONVERSION = YES_AGGRESSIVE;
				CLANG_CXX_LANGUAGE_STANDARD = "gnu++20";
				CLANG_ENABLE_MODULES = YES;
				CLANG_ENABLE_OBJC_ARC = YES;
				CLANG_ENABLE_OBJC_WEAK = YES;
				CLANG_WARN_BLOCK_CAPTURE_AUTORELEASING = YES;
				CLANG_WARN_BOOL_CONVERSION = YES;
				CLANG_WARN_COMMA = YES;
				CLANG_WARN_CONSTANT_CONVERSION = YES;
				CLANG_WARN_DEPRECATED_OBJC_IMPLEMENTATIONS = YES;
				CLANG_WARN_DIRECT_OBJC_ISA_USAGE = YES_ERROR;
				CLANG_WARN_DOCUMENTATION_COMMENTS = YES;
				CLANG_WARN_EMPTY_BODY = YES;
				CLANG_WARN_ENUM_CONVERSION = YES;
				CLANG_WARN_INFINITE_RECURSION = YES;
				CLANG_WARN_INT_CONVERSION = YES;
				CLANG_WARN_NON_LITERAL_NULL_CONVERSION = YES;
				CLANG_WARN_OBJC_IMPLICIT_RETAIN_SELF = YES;
				CLANG_WARN_OBJC_LITERAL_CONVERSION = YES;
				CLANG_WARN_OBJC_ROOT_CLASS = YES_ERROR;
				CLANG_WARN_QUOTED_INCLUDE_IN_FRAMEWORK_HEADER = YES;
				CLANG_WARN_RANGE_LOOP_ANALYSIS = YES;
				CLANG_WARN_STRICT_PROTOTYPES = YES;
				CLANG_WARN_SUSPICIOUS_MOVE = YES;
				CLANG_WARN_UNGUARDED_AVAILABILITY = YES_AGGRESSIVE;
				CLANG_WARN_UNREACHABLE_CODE = YES;
				CLANG_WARN__DUPLICATE_METHOD_MATCH = YES;
				COPY_PHASE_STRIP = NO;
				DEBUG_INFORMATION_FORMAT = dwarf;
				DEVELOPMENT_TEAM = 99UGCR5PWK;
				ENABLE_STRICT_OBJC_MSGSEND = YES;
				ENABLE_TESTABILITY = YES;
				ENABLE_USER_SCRIPT_SANDBOXING = YES;
				GCC_C_LANGUAGE_STANDARD = gnu17;
				GCC_DYNAMIC_NO_PIC = NO;
				GCC_NO_COMMON_BLOCKS = YES;
				GCC_OPTIMIZATION_LEVEL = 0;
				GCC_PREPROCESSOR_DEFINITIONS = (
					"DEBUG=1",
					"$(inherited)",
				);
				GCC_WARN_64_TO_32_BIT_CONVERSION = YES;
				GCC_WARN_ABOUT_RETURN_TYPE = YES_ERROR;
				GCC_WARN_UNDECLARED_SELECTOR = YES;
				GCC_WARN_UNINITIALIZED_AUTOS = YES_AGGRESSIVE;
				GCC_WARN_UNUSED_FUNCTION = YES;
				GCC_WARN_UNUSED_VARIABLE = YES;
				IPHONEOS_DEPLOYMENT_TARGET = 18.5;
				LOCALIZATION_PREFERS_STRING_CATALOGS = YES;
				MTL_ENABLE_DEBUG_INFO = INCLUDE_SOURCE;
				MTL_FAST_MATH = YES;
				ONLY_ACTIVE_ARCH = YES;
				SDKROOT = iphoneos;
				SWIFT_ACTIVE_COMPILATION_CONDITIONS = "DEBUG $(inherited)";
				SWIFT_OPTIMIZATION_LEVEL = "-Onone";
			};
			name = Debug;
		};
		206562222E40137900CE0806 /* Release */ = {
			isa = XCBuildConfiguration;
			buildSettings = {
				ALWAYS_SEARCH_USER_PATHS = NO;
				ASSETCATALOG_COMPILER_GENERATE_SWIFT_ASSET_SYMBOL_EXTENSIONS = YES;
				CLANG_ANALYZER_NONNULL = YES;
				CLANG_ANALYZER_NUMBER_OBJECT_CONVERSION = YES_AGGRESSIVE;
				CLANG_CXX_LANGUAGE_STANDARD = "gnu++20";
				CLANG_ENABLE_MODULES = YES;
				CLANG_ENABLE_OBJC_ARC = YES;
				CLANG_ENABLE_OBJC_WEAK = YES;
				CLANG_WARN_BLOCK_CAPTURE_AUTORELEASING = YES;
				CLANG_WARN_BOOL_CONVERSION = YES;
				CLANG_WARN_COMMA = YES;
				CLANG_WARN_CONSTANT_CONVERSION = YES;
				CLANG_WARN_DEPRECATED_OBJC_IMPLEMENTATIONS = YES;
				CLANG_WARN_DIRECT_OBJC_ISA_USAGE = YES_ERROR;
				CLANG_WARN_DOCUMENTATION_COMMENTS = YES;
				CLANG_WARN_EMPTY_BODY = YES;
				CLANG_WARN_ENUM_CONVERSION = YES;
				CLANG_WARN_INFINITE_RECURSION = YES;
				CLANG_WARN_INT_CONVERSION = YES;
				CLANG_WARN_NON_LITERAL_NULL_CONVERSION = YES;
				CLANG_WARN_OBJC_IMPLICIT_RETAIN_SELF = YES;
				CLANG_WARN_OBJC_LITERAL_CONVERSION = YES;
				CLANG_WARN_OBJC_ROOT_CLASS = YES_ERROR;
				CLANG_WARN_QUOTED_INCLUDE_IN_FRAMEWORK_HEADER = YES;
				CLANG_WARN_RANGE_LOOP_ANALYSIS = YES;
				CLANG_WARN_STRICT_PROTOTYPES = YES;
				CLANG_WARN_SUSPICIOUS_MOVE = YES;
				CLANG_WARN_UNGUARDED_AVAILABILITY = YES_AGGRESSIVE;
				CLANG_WARN_UNREACHABLE_CODE = YES;
				CLANG_WARN__DUPLICATE_METHOD_MATCH = YES;
				COPY_PHASE_STRIP = NO;
				DEBUG_INFORMATION_FORMAT = "dwarf-with-dsym";
				DEVELOPMENT_TEAM = 99UGCR5PWK;
				ENABLE_NS_ASSERTIONS = NO;
				ENABLE_STRICT_OBJC_MSGSEND = YES;
				ENABLE_USER_SCRIPT_SANDBOXING = YES;
				GCC_C_LANGUAGE_STANDARD = gnu17;
				GCC_NO_COMMON_BLOCKS = YES;
				GCC_WARN_64_TO_32_BIT_CONVERSION = YES;
				GCC_WARN_ABOUT_RETURN_TYPE = YES_ERROR;
				GCC_WARN_UNDECLARED_SELECTOR = YES;
				GCC_WARN_UNINITIALIZED_AUTOS = YES_AGGRESSIVE;
				GCC_WARN_UNUSED_FUNCTION = YES;
				GCC_WARN_UNUSED_VARIABLE = YES;
				IPHONEOS_DEPLOYMENT_TARGET = 18.5;
				LOCALIZATION_PREFERS_STRING_CATALOGS = YES;
				MTL_ENABLE_DEBUG_INFO = NO;
				MTL_FAST_MATH = YES;
				SDKROOT = iphoneos;
				SWIFT_COMPILATION_MODE = wholemodule;
				VALIDATE_PRODUCT = YES;
			};
			name = Release;
		};
		206562242E40137900CE0806 /* Debug */ = {
			isa = XCBuildConfiguration;
			buildSettings = {
				ASSETCATALOG_COMPILER_APPICON_NAME = AppIcon;
				ASSETCATALOG_COMPILER_GLOBAL_ACCENT_COLOR_NAME = AccentColor;
				CODE_SIGN_STYLE = Automatic;
				CURRENT_PROJECT_VERSION = 1;
				DEVELOPMENT_TEAM = 99UGCR5PWK;
				ENABLE_PREVIEWS = YES;
				GENERATE_INFOPLIST_FILE = YES;
				INFOPLIST_KEY_NSCameraUsageDescription = "This app needs camera access to take your profile photo for rider registration and identity verification.";
				INFOPLIST_KEY_NSLocationWhenInUseUsageDescription = "This app uses location services to show nearby delivery opportunities and calculate distances.";
				INFOPLIST_KEY_NSPhotoLibraryUsageDescription = "This app may access your photo library as a fallback option for profile photo selection.";
				INFOPLIST_KEY_UIApplicationSceneManifest_Generation = YES;
				INFOPLIST_KEY_UIApplicationSupportsIndirectInputEvents = YES;
				INFOPLIST_KEY_UILaunchScreen_Generation = YES;
				INFOPLIST_KEY_UISupportedInterfaceOrientations_iPad = "UIInterfaceOrientationPortrait UIInterfaceOrientationPortraitUpsideDown UIInterfaceOrientationLandscapeLeft UIInterfaceOrientationLandscapeRight";
				INFOPLIST_KEY_UISupportedInterfaceOrientations_iPhone = "UIInterfaceOrientationPortrait UIInterfaceOrientationLandscapeLeft UIInterfaceOrientationLandscapeRight";
				LD_RUNPATH_SEARCH_PATHS = (
					"$(inherited)",
					"@executable_path/Frameworks",
				);
				MARKETING_VERSION = 1.0;
				PRODUCT_BUNDLE_IDENTIFIER = "co.appbrewery.Gift-Wave";
				PRODUCT_NAME = "$(TARGET_NAME)";
				SWIFT_EMIT_LOC_STRINGS = YES;
				SWIFT_VERSION = 5.0;
				TARGETED_DEVICE_FAMILY = "1,2";
			};
			name = Debug;
		};
		206562252E40137900CE0806 /* Release */ = {
			isa = XCBuildConfiguration;
			buildSettings = {
				ASSETCATALOG_COMPILER_APPICON_NAME = AppIcon;
				ASSETCATALOG_COMPILER_GLOBAL_ACCENT_COLOR_NAME = AccentColor;
				CODE_SIGN_STYLE = Automatic;
				CURRENT_PROJECT_VERSION = 1;
				DEVELOPMENT_TEAM = 99UGCR5PWK;
				ENABLE_PREVIEWS = YES;
				GENERATE_INFOPLIST_FILE = YES;
				INFOPLIST_KEY_NSCameraUsageDescription = "This app needs camera access to take your profile photo for rider registration and identity verification.";
				INFOPLIST_KEY_NSLocationWhenInUseUsageDescription = "This app uses location services to show nearby delivery opportunities and calculate distances.";
				INFOPLIST_KEY_NSPhotoLibraryUsageDescription = "This app may access your photo library as a fallback option for profile photo selection.";
				INFOPLIST_KEY_UIApplicationSceneManifest_Generation = YES;
				INFOPLIST_KEY_UIApplicationSupportsIndirectInputEvents = YES;
				INFOPLIST_KEY_UILaunchScreen_Generation = YES;
				INFOPLIST_KEY_UISupportedInterfaceOrientations_iPad = "UIInterfaceOrientationPortrait UIInterfaceOrientationPortraitUpsideDown UIInterfaceOrientationLandscapeLeft UIInterfaceOrientationLandscapeRight";
				INFOPLIST_KEY_UISupportedInterfaceOrientations_iPhone = "UIInterfaceOrientationPortrait UIInterfaceOrientationLandscapeLeft UIInterfaceOrientationLandscapeRight";
				LD_RUNPATH_SEARCH_PATHS = (
					"$(inherited)",
					"@executable_path/Frameworks",
				);
				MARKETING_VERSION = 1.0;
				PRODUCT_BUNDLE_IDENTIFIER = "co.appbrewery.Gift-Wave";
				PRODUCT_NAME = "$(TARGET_NAME)";
				SWIFT_EMIT_LOC_STRINGS = YES;
				SWIFT_VERSION = 5.0;
				TARGETED_DEVICE_FAMILY = "1,2";
			};
			name = Release;
		};
		206562272E40137900CE0806 /* Debug */ = {
			isa = XCBuildConfiguration;
			buildSettings = {
				BUNDLE_LOADER = "$(TEST_HOST)";
				CODE_SIGN_STYLE = Automatic;
				CURRENT_PROJECT_VERSION = 1;
				DEVELOPMENT_TEAM = 99UGCR5PWK;
				GENERATE_INFOPLIST_FILE = YES;
				IPHONEOS_DEPLOYMENT_TARGET = 18.5;
				MARKETING_VERSION = 1.0;
				PRODUCT_BUNDLE_IDENTIFIER = "co.appbrewery.Gift-WaveTests";
				PRODUCT_NAME = "$(TARGET_NAME)";
				SWIFT_EMIT_LOC_STRINGS = NO;
				SWIFT_VERSION = 5.0;
				TARGETED_DEVICE_FAMILY = "1,2";
				TEST_HOST = "$(BUILT_PRODUCTS_DIR)/Gift Wave.app/$(BUNDLE_EXECUTABLE_FOLDER_PATH)/Gift Wave";
			};
			name = Debug;
		};
		206562282E40137900CE0806 /* Release */ = {
			isa = XCBuildConfiguration;
			buildSettings = {
				BUNDLE_LOADER = "$(TEST_HOST)";
				CODE_SIGN_STYLE = Automatic;
				CURRENT_PROJECT_VERSION = 1;
				DEVELOPMENT_TEAM = 99UGCR5PWK;
				GENERATE_INFOPLIST_FILE = YES;
				IPHONEOS_DEPLOYMENT_TARGET = 18.5;
				MARKETING_VERSION = 1.0;
				PRODUCT_BUNDLE_IDENTIFIER = "co.appbrewery.Gift-WaveTests";
				PRODUCT_NAME = "$(TARGET_NAME)";
				SWIFT_EMIT_LOC_STRINGS = NO;
				SWIFT_VERSION = 5.0;
				TARGETED_DEVICE_FAMILY = "1,2";
				TEST_HOST = "$(BUILT_PRODUCTS_DIR)/Gift Wave.app/$(BUNDLE_EXECUTABLE_FOLDER_PATH)/Gift Wave";
			};
			name = Release;
		};
		2065622A2E40137900CE0806 /* Debug */ = {
			isa = XCBuildConfiguration;
			buildSettings = {
				CODE_SIGN_STYLE = Automatic;
				CURRENT_PROJECT_VERSION = 1;
				DEVELOPMENT_TEAM = 99UGCR5PWK;
				GENERATE_INFOPLIST_FILE = YES;
				MARKETING_VERSION = 1.0;
				PRODUCT_BUNDLE_IDENTIFIER = "co.appbrewery.Gift-WaveUITests";
				PRODUCT_NAME = "$(TARGET_NAME)";
				SWIFT_EMIT_LOC_STRINGS = NO;
				SWIFT_VERSION = 5.0;
				TARGETED_DEVICE_FAMILY = "1,2";
				TEST_TARGET_NAME = "Gift Wave";
			};
			name = Debug;
		};
		2065622B2E40137900CE0806 /* Release */ = {
			isa = XCBuildConfiguration;
			buildSettings = {
				CODE_SIGN_STYLE = Automatic;
				CURRENT_PROJECT_VERSION = 1;
				DEVELOPMENT_TEAM = 99UGCR5PWK;
				GENERATE_INFOPLIST_FILE = YES;
				MARKETING_VERSION = 1.0;
				PRODUCT_BUNDLE_IDENTIFIER = "co.appbrewery.Gift-WaveUITests";
				PRODUCT_NAME = "$(TARGET_NAME)";
				SWIFT_EMIT_LOC_STRINGS = NO;
				SWIFT_VERSION = 5.0;
				TARGETED_DEVICE_FAMILY = "1,2";
				TEST_TARGET_NAME = "Gift Wave";
			};
			name = Release;
		};
/* End XCBuildConfiguration section */

/* Begin XCConfigurationList section */
		206561FD2E40137700CE0806 /* Build configuration list for PBXProject "Gift Wave" */ = {
			isa = XCConfigurationList;
			buildConfigurations = (
				206562212E40137900CE0806 /* Debug */,
				206562222E40137900CE0806 /* Release */,
			);
			defaultConfigurationIsVisible = 0;
			defaultConfigurationName = Release;
		};
		206562232E40137900CE0806 /* Build configuration list for PBXNativeTarget "Gift Wave" */ = {
			isa = XCConfigurationList;
			buildConfigurations = (
				206562242E40137900CE0806 /* Debug */,
				206562252E40137900CE0806 /* Release */,
			);
			defaultConfigurationIsVisible = 0;
			defaultConfigurationName = Release;
		};
		206562262E40137900CE0806 /* Build configuration list for PBXNativeTarget "Gift WaveTests" */ = {
			isa = XCConfigurationList;
			buildConfigurations = (
				206562272E40137900CE0806 /* Debug */,
				206562282E40137900CE0806 /* Release */,
			);
			defaultConfigurationIsVisible = 0;
			defaultConfigurationName = Release;
		};
		206562292E40137900CE0806 /* Build configuration list for PBXNativeTarget "Gift WaveUITests" */ = {
			isa = XCConfigurationList;
			buildConfigurations = (
				2065622A2E40137900CE0806 /* Debug */,
				2065622B2E40137900CE0806 /* Release */,
			);
			defaultConfigurationIsVisible = 0;
			defaultConfigurationName = Release;
		};
/* End XCConfigurationList section */

/* Begin XCRemoteSwiftPackageReference section */
		206562592E40187000CE0806 /* XCRemoteSwiftPackageReference "firebase-ios-sdk" */ = {
			isa = XCRemoteSwiftPackageReference;
			repositoryURL = "https://github.com/firebase/firebase-ios-sdk";
			requirement = {
				kind = upToNextMajorVersion;
				minimumVersion = 12.0.0;
			};
		};
/* End XCRemoteSwiftPackageReference section */

/* Begin XCSwiftPackageProductDependency section */
		2065625A2E40187000CE0806 /* FirebaseAuth */ = {
			isa = XCSwiftPackageProductDependency;
			package = 206562592E40187000CE0806 /* XCRemoteSwiftPackageReference "firebase-ios-sdk" */;
			productName = FirebaseAuth;
		};
		2065625C2E40187000CE0806 /* FirebaseFirestore */ = {
			isa = XCSwiftPackageProductDependency;
			package = 206562592E40187000CE0806 /* XCRemoteSwiftPackageReference "firebase-ios-sdk" */;
			productName = FirebaseFirestore;
		};
		2065625E2E40187000CE0806 /* FirebaseStorage */ = {
			isa = XCSwiftPackageProductDependency;
			package = 206562592E40187000CE0806 /* XCRemoteSwiftPackageReference "firebase-ios-sdk" */;
			productName = FirebaseStorage;
		};
/* End XCSwiftPackageProductDependency section */
	};
	rootObject = 206561FA2E40137700CE0806 /* Project object */;
}
